Microsoft Visual Studio Solution File, Format Version 9.00
# Visual Studio 2005
Project("{FAE04EC0-301F-11D3-BF4B-00C04F79EFBC}") = "KeePassLib", "KeePassLib\KeePassLib.csproj", "{53573E4E-33CB-4FDB-8698-C95F5E40E7F3}"
EndProject
Project("{FAE04EC0-301F-11D3-BF4B-00C04F79EFBC}") = "KeePass", "KeePass\KeePass.csproj", "{10938016-DEE2-4A25-9A5A-8FD3444379CA}"
EndProject
Project("{8BC9CEB8-8B4A-11D0-8D11-00A0C91BC942}") = "KeePassNtv", "KeePassNtv\KeePassNtv.vcproj", "{3BA74B77-D138-4D11-BB66-0CF93E85D61B}"
EndProject
Project("{2150E333-8FDC-42A3-9474-1A3956D46DE8}") = "Plugins", "Plugins", "{A607B319-DF61-40A2-95C0-A53E521D0605}"
EndProject
Project("{FAE04EC0-301F-11D3-BF4B-00C04F79EFBC}") = "SamplePlugin", "Plugins\SamplePlugin\SamplePlugin.csproj", "{4C1BB6F8-D2CD-49C2-9053-21705681356C}"
EndProject
Project("{FAE04EC0-301F-11D3-BF4B-00C04F79EFBC}") = "ArcFourCipher", "Plugins\ArcFourCipher\ArcFourCipher.csproj", "{E4D6A7C6-08DB-4326-90FF-0389A00204B6}"
EndProject
Project("{FAE04EC0-301F-11D3-BF4B-00C04F79EFBC}") = "KPScript", "Plugins\KPScript\KPScript.csproj", "{3493CAEF-A5DF-4AF0-B68D-16E409DB5987}"
EndProject
Project("{FAE04EC0-301F-11D3-BF4B-00C04F79EFBC}") = "KeePassLibSD", "KeePassLibSD\KeePassLibSD.csproj", "{DC15F71A-2117-4DEF-8C10-AA355B5E5979}"
EndProject
Project("{FAE04EC0-301F-11D3-BF4B-00C04F79EFBC}") = "ShInstUtil", "ShInstUtil\ShInstUtil.csproj", "{D6240ED0-5AE4-4F6D-B1F1-C691630B4D3F}"
EndProject
Global
	GlobalSection(SolutionConfigurationPlatforms) = preSolution
		Debug|Any CPU = Debug|Any CPU
		Debug|Mixed Platforms = Debug|Mixed Platforms
		Debug|Win32 = Debug|Win32
		Release|Any CPU = Release|Any CPU
		Release|Mixed Platforms = Release|Mixed Platforms
		Release|Win32 = Release|Win32
	EndGlobalSection
	GlobalSection(ProjectConfigurationPlatforms) = postSolution
		{53573E4E-33CB-4FDB-8698-C95F5E40E7F3}.Debug|Any CPU.ActiveCfg = Debug|Any CPU
		{53573E4E-33CB-4FDB-8698-C95F5E40E7F3}.Debug|Any CPU.Build.0 = Debug|Any CPU
		{53573E4E-33CB-4FDB-8698-C95F5E40E7F3}.Debug|Mixed Platforms.ActiveCfg = Debug|Any CPU
		{53573E4E-33CB-4FDB-8698-C95F5E40E7F3}.Debug|Mixed Platforms.Build.0 = Debug|Any CPU
		{53573E4E-33CB-4FDB-8698-C95F5E40E7F3}.Debug|Win32.ActiveCfg = Debug|Any CPU
		{53573E4E-33CB-4FDB-8698-C95F5E40E7F3}.Release|Any CPU.ActiveCfg = Release|Any CPU
		{53573E4E-33CB-4FDB-8698-C95F5E40E7F3}.Release|Any CPU.Build.0 = Release|Any CPU
		{53573E4E-33CB-4FDB-8698-C95F5E40E7F3}.Release|Mixed Platforms.ActiveCfg = Release|Any CPU
		{53573E4E-33CB-4FDB-8698-C95F5E40E7F3}.Release|Mixed Platforms.Build.0 = Release|Any CPU
		{53573E4E-33CB-4FDB-8698-C95F5E40E7F3}.Release|Win32.ActiveCfg = Release|Any CPU
		{10938016-DEE2-4A25-9A5A-8FD3444379CA}.Debug|Any CPU.ActiveCfg = Debug|Any CPU
		{10938016-DEE2-4A25-9A5A-8FD3444379CA}.Debug|Any CPU.Build.0 = Debug|Any CPU
		{10938016-DEE2-4A25-9A5A-8FD3444379CA}.Debug|Mixed Platforms.ActiveCfg = Debug|Any CPU
		{10938016-DEE2-4A25-9A5A-8FD3444379CA}.Debug|Mixed Platforms.Build.0 = Debug|Any CPU
		{10938016-DEE2-4A25-9A5A-8FD3444379CA}.Debug|Win32.ActiveCfg = Debug|Any CPU
		{10938016-DEE2-4A25-9A5A-8FD3444379CA}.Release|Any CPU.ActiveCfg = Release|Any CPU
		{10938016-DEE2-4A25-9A5A-8FD3444379CA}.Release|Any CPU.Build.0 = Release|Any CPU
		{10938016-DEE2-4A25-9A5A-8FD3444379CA}.Release|Mixed Platforms.ActiveCfg = Release|Any CPU
		{10938016-DEE2-4A25-9A5A-8FD3444379CA}.Release|Mixed Platforms.Build.0 = Release|Any CPU
		{10938016-DEE2-4A25-9A5A-8FD3444379CA}.Release|Win32.ActiveCfg = Release|Any CPU
		{3BA74B77-D138-4D11-BB66-0CF93E85D61B}.Debug|Any CPU.ActiveCfg = Debug|Win32
		{3BA74B77-D138-4D11-BB66-0CF93E85D61B}.Debug|Mixed Platforms.ActiveCfg = Debug|Win32
		{3BA74B77-D138-4D11-BB66-0CF93E85D61B}.Debug|Mixed Platforms.Build.0 = Debug|Win32
		{3BA74B77-D138-4D11-BB66-0CF93E85D61B}.Debug|Win32.ActiveCfg = Debug|Win32
		{3BA74B77-D138-4D11-BB66-0CF93E85D61B}.Debug|Win32.Build.0 = Debug|Win32
		{3BA74B77-D138-4D11-BB66-0CF93E85D61B}.Release|Any CPU.ActiveCfg = Release|Win32
		{3BA74B77-D138-4D11-BB66-0CF93E85D61B}.Release|Mixed Platforms.ActiveCfg = Release|Win32
		{3BA74B77-D138-4D11-BB66-0CF93E85D61B}.Release|Mixed Platforms.Build.0 = Release|Win32
		{3BA74B77-D138-4D11-BB66-0CF93E85D61B}.Release|Win32.ActiveCfg = Release|Win32
		{3BA74B77-D138-4D11-BB66-0CF93E85D61B}.Release|Win32.Build.0 = Release|Win32
		{4C1BB6F8-D2CD-49C2-9053-21705681356C}.Debug|Any CPU.ActiveCfg = Debug|Any CPU
		{4C1BB6F8-D2CD-49C2-9053-21705681356C}.Debug|Any CPU.Build.0 = Debug|Any CPU
		{4C1BB6F8-D2CD-49C2-9053-21705681356C}.Debug|Mixed Platforms.ActiveCfg = Debug|Any CPU
		{4C1BB6F8-D2CD-49C2-9053-21705681356C}.Debug|Mixed Platforms.Build.0 = Debug|Any CPU
		{4C1BB6F8-D2CD-49C2-9053-21705681356C}.Debug|Win32.ActiveCfg = Debug|Any CPU
		{4C1BB6F8-D2CD-49C2-9053-21705681356C}.Release|Any CPU.ActiveCfg = Release|Any CPU
		{4C1BB6F8-D2CD-49C2-9053-21705681356C}.Release|Any CPU.Build.0 = Release|Any CPU
		{4C1BB6F8-D2CD-49C2-9053-21705681356C}.Release|Mixed Platforms.ActiveCfg = Release|Any CPU
		{4C1BB6F8-D2CD-49C2-9053-21705681356C}.Release|Mixed Platforms.Build.0 = Release|Any CPU
		{4C1BB6F8-D2CD-49C2-9053-21705681356C}.Release|Win32.ActiveCfg = Release|Any CPU
		{E4D6A7C6-08DB-4326-90FF-0389A00204B6}.Debug|Any CPU.ActiveCfg = Debug|Any CPU
		{E4D6A7C6-08DB-4326-90FF-0389A00204B6}.Debug|Any CPU.Build.0 = Debug|Any CPU
		{E4D6A7C6-08DB-4326-90FF-0389A00204B6}.Debug|Mixed Platforms.ActiveCfg = Debug|Any CPU
		{E4D6A7C6-08DB-4326-90FF-0389A00204B6}.Debug|Mixed Platforms.Build.0 = Debug|Any CPU
		{E4D6A7C6-08DB-4326-90FF-0389A00204B6}.Debug|Win32.ActiveCfg = Debug|Any CPU
		{E4D6A7C6-08DB-4326-90FF-0389A00204B6}.Release|Any CPU.ActiveCfg = Release|Any CPU
		{E4D6A7C6-08DB-4326-90FF-0389A00204B6}.Release|Any CPU.Build.0 = Release|Any CPU
		{E4D6A7C6-08DB-4326-90FF-0389A00204B6}.Release|Mixed Platforms.ActiveCfg = Release|Any CPU
		{E4D6A7C6-08DB-4326-90FF-0389A00204B6}.Release|Mixed Platforms.Build.0 = Release|Any CPU
		{E4D6A7C6-08DB-4326-90FF-0389A00204B6}.Release|Win32.ActiveCfg = Release|Any CPU
		{3493CAEF-A5DF-4AF0-B68D-16E409DB5987}.Debug|Any CPU.ActiveCfg = Debug|Any CPU
		{3493CAEF-A5DF-4AF0-B68D-16E409DB5987}.Debug|Any CPU.Build.0 = Debug|Any CPU
		{3493CAEF-A5DF-4AF0-B68D-16E409DB5987}.Debug|Mixed Platforms.ActiveCfg = Debug|Any CPU
		{3493CAEF-A5DF-4AF0-B68D-16E409DB5987}.Debug|Mixed Platforms.Build.0 = Debug|Any CPU
		{3493CAEF-A5DF-4AF0-B68D-16E409DB5987}.Debug|Win32.ActiveCfg = Debug|Any CPU
		{3493CAEF-A5DF-4AF0-B68D-16E409DB5987}.Release|Any CPU.ActiveCfg = Release|Any CPU
		{3493CAEF-A5DF-4AF0-B68D-16E409DB5987}.Release|Any CPU.Build.0 = Release|Any CPU
		{3493CAEF-A5DF-4AF0-B68D-16E409DB5987}.Release|Mixed Platforms.ActiveCfg = Release|Any CPU
		{3493CAEF-A5DF-4AF0-B68D-16E409DB5987}.Release|Mixed Platforms.Build.0 = Release|Any CPU
		{3493CAEF-A5DF-4AF0-B68D-16E409DB5987}.Release|Win32.ActiveCfg = Release|Any CPU
		{DC15F71A-2117-4DEF-8C10-AA355B5E5979}.Debug|Any CPU.ActiveCfg = Debug|Any CPU
		{DC15F71A-2117-4DEF-8C10-AA355B5E5979}.Debug|Any CPU.Build.0 = Debug|Any CPU
		{DC15F71A-2117-4DEF-8C10-AA355B5E5979}.Debug|Mixed Platforms.ActiveCfg = Debug|Any CPU
		{DC15F71A-2117-4DEF-8C10-AA355B5E5979}.Debug|Mixed Platforms.Build.0 = Debug|Any CPU
		{DC15F71A-2117-4DEF-8C10-AA355B5E5979}.Debug|Win32.ActiveCfg = Debug|Any CPU
		{DC15F71A-2117-4DEF-8C10-AA355B5E5979}.Release|Any CPU.ActiveCfg = Release|Any CPU
		{DC15F71A-2117-4DEF-8C10-AA355B5E5979}.Release|Any CPU.Build.0 = Release|Any CPU
		{DC15F71A-2117-4DEF-8C10-AA355B5E5979}.Release|Mixed Platforms.ActiveCfg = Release|Any CPU
		{DC15F71A-2117-4DEF-8C10-AA355B5E5979}.Release|Mixed Platforms.Build.0 = Release|Any CPU
		{DC15F71A-2117-4DEF-8C10-AA355B5E5979}.Release|Win32.ActiveCfg = Release|Any CPU
		{D6240ED0-5AE4-4F6D-B1F1-C691630B4D3F}.Debug|Any CPU.ActiveCfg = Debug|Any CPU
		{D6240ED0-5AE4-4F6D-B1F1-C691630B4D3F}.Debug|Any CPU.Build.0 = Debug|Any CPU
		{D6240ED0-5AE4-4F6D-B1F1-C691630B4D3F}.Debug|Mixed Platforms.ActiveCfg = Debug|Any CPU
		{D6240ED0-5AE4-4F6D-B1F1-C691630B4D3F}.Debug|Mixed Platforms.Build.0 = Debug|Any CPU
		{D6240ED0-5AE4-4F6D-B1F1-C691630B4D3F}.Debug|Win32.ActiveCfg = Debug|Any CPU
		{D6240ED0-5AE4-4F6D-B1F1-C691630B4D3F}.Release|Any CPU.ActiveCfg = Release|Any CPU
		{D6240ED0-5AE4-4F6D-B1F1-C691630B4D3F}.Release|Any CPU.Build.0 = Release|Any CPU
		{D6240ED0-5AE4-4F6D-B1F1-C691630B4D3F}.Release|Mixed Platforms.ActiveCfg = Release|Any CPU
		{D6240ED0-5AE4-4F6D-B1F1-C691630B4D3F}.Release|Mixed Platforms.Build.0 = Release|Any CPU
		{D6240ED0-5AE4-4F6D-B1F1-C691630B4D3F}.Release|Win32.ActiveCfg = Release|Any CPU
	EndGlobalSection
	GlobalSection(SolutionProperties) = preSolution
		HideSolutionNode = FALSE
	EndGlobalSection
	GlobalSection(NestedProjects) = preSolution
		{4C1BB6F8-D2CD-49C2-9053-21705681356C} = {A607B319-DF61-40A2-95C0-A53E521D0605}
		{E4D6A7C6-08DB-4326-90FF-0389A00204B6} = {A607B319-DF61-40A2-95C0-A53E521D0605}
		{3493CAEF-A5DF-4AF0-B68D-16E409DB5987} = {A607B319-DF61-40A2-95C0-A53E521D0605}
	EndGlobalSection
EndGlobal
