
Microsoft Visual Studio Solution File, Format Version 12.00
# Visual Studio Version 17
VisualStudioVersion = 17.14.36401.2 d17.14
MinimumVisualStudioVersion = 10.0.40219.1
Project("{8BC9CEB8-8B4A-11D0-8D11-00A0C91BC942}") = "ShInstUtil", "ShInstUtil.vcxproj", "{E6AFCEF3-5762-4647-965E-C542BE19B1F1}"
EndProject
Global
	GlobalSection(SolutionConfigurationPlatforms) = preSolution
		Debug|x64 = Debug|x64
		Debug|x86 = Debug|x86
		Release|x64 = Release|x64
		Release|x86 = Release|x86
	EndGlobalSection
	GlobalSection(ProjectConfigurationPlatforms) = postSolution
		{E6AFCEF3-5762-4647-965E-C542BE19B1F1}.Debug|x64.ActiveCfg = Debug|x64
		{E6AFCEF3-5762-4647-965E-C542BE19B1F1}.Debug|x64.Build.0 = Debug|x64
		{E6AFCEF3-5762-4647-965E-C542BE19B1F1}.Debug|x86.ActiveCfg = Debug|Win32
		{E6AFCEF3-5762-4647-965E-C542BE19B1F1}.Debug|x86.Build.0 = Debug|Win32
		{E6AFCEF3-5762-4647-965E-C542BE19B1F1}.Release|x64.ActiveCfg = Release|x64
		{E6AFCEF3-5762-4647-965E-C542BE19B1F1}.Release|x64.Build.0 = Release|x64
		{E6AFCEF3-5762-4647-965E-C542BE19B1F1}.Release|x86.ActiveCfg = Release|Win32
		{E6AFCEF3-5762-4647-965E-C542BE19B1F1}.Release|x86.Build.0 = Release|Win32
	EndGlobalSection
	GlobalSection(SolutionProperties) = preSolution
		HideSolutionNode = FALSE
	EndGlobalSection
	GlobalSection(ExtensibilityGlobals) = postSolution
		SolutionGuid = {B6D35DB0-17AC-42FB-B8D3-994A28DE7DB0}
	EndGlobalSection
EndGlobal
